
Microsoft Visual Studio Solution File, Format Version 12.00
# Visual Studio Version 16
VisualStudioVersion = 16.0.34114.132
MinimumVisualStudioVersion = 10.0.40219.1
Project("{FAE04EC0-301F-11D3-BF4B-00C04F79EFBC}") = "FitnessTrackerApp", "FitnessTrackerApp.csproj", "{39F97AE3-55B2-4DAB-8DA4-30ED364C2165}"
EndProject
Project("{FAE04EC0-301F-11D3-BF4B-00C04F79EFBC}") = "FitnessTrackerApp.Tests", "..\FitnessTrackerApp.Tests\FitnessTrackerApp.Tests.csproj", "{774F62D6-1B43-4700-B67D-4D4E12BB15BC}"
EndProject
Global
	GlobalSection(SolutionConfigurationPlatforms) = preSolution
		Debug|Any CPU = Debug|Any CPU
		Release|Any CPU = Release|Any CPU
	EndGlobalSection
	GlobalSection(ProjectConfigurationPlatforms) = postSolution
		{39F97AE3-55B2-4DAB-8DA4-30ED364C2165}.Debug|Any CPU.ActiveCfg = Debug|Any CPU
		{39F97AE3-55B2-4DAB-8DA4-30ED364C2165}.Debug|Any CPU.Build.0 = Debug|Any CPU
		{39F97AE3-55B2-4DAB-8DA4-30ED364C2165}.Release|Any CPU.ActiveCfg = Release|Any CPU
		{39F97AE3-55B2-4DAB-8DA4-30ED364C2165}.Release|Any CPU.Build.0 = Release|Any CPU
		{774F62D6-1B43-4700-B67D-4D4E12BB15BC}.Debug|Any CPU.ActiveCfg = Debug|Any CPU
		{774F62D6-1B43-4700-B67D-4D4E12BB15BC}.Debug|Any CPU.Build.0 = Debug|Any CPU
		{774F62D6-1B43-4700-B67D-4D4E12BB15BC}.Release|Any CPU.ActiveCfg = Release|Any CPU
		{774F62D6-1B43-4700-B67D-4D4E12BB15BC}.Release|Any CPU.Build.0 = Release|Any CPU
	EndGlobalSection
	GlobalSection(SolutionProperties) = preSolution
		HideSolutionNode = FALSE
	EndGlobalSection
	GlobalSection(ExtensibilityGlobals) = postSolution
		SolutionGuid = {8B1E8A55-3B96-45F4-A953-62C2C90D9BDE}
	EndGlobalSection
EndGlobal
